// !$*UTF8*$!
{
	archiveVersion = 1;
	classes = {
	};
	objectVersion = 46;
	objects = {

/* Begin PBXBuildFile section */
		B104B34E1C818D0B00B097FD /* STMenuViewController.swift in Sources */ = {isa = PBXBuildFile; fileRef = B104B34D1C818D0B00B097FD /* STMenuViewController.swift */; };
		B104B3501C818D2200B097FD /* STMenuViewModel.swift in Sources */ = {isa = PBXBuildFile; fileRef = B104B34F1C818D2200B097FD /* STMenuViewModel.swift */; };
		B104B3521C81A03F00B097FD /* NSObject+Helper.swift in Sources */ = {isa = PBXBuildFile; fileRef = B104B3511C81A03F00B097FD /* NSObject+Helper.swift */; };
		B10775D61C80A9FB005025B5 /* CAShapeLayer+Helper.swift in Sources */ = {isa = PBXBuildFile; fileRef = B10775D51C80A9FB005025B5 /* CAShapeLayer+Helper.swift */; };
		B11734491C84193400BDDBE3 /* Airship.mp3 in Resources */ = {isa = PBXBuildFile; fileRef = B11734311C84193400BDDBE3 /* Airship.mp3 */; };
		B117344A1C84193400BDDBE3 /* Alien Metron.mp3 in Resources */ = {isa = PBXBuildFile; fileRef = B11734321C84193400BDDBE3 /* Alien Metron.mp3 */; };
		B11734501C84193400BDDBE3 /* Falling Stone.mp3 in Resources */ = {isa = PBXBuildFile; fileRef = B11734381C84193400BDDBE3 /* Falling Stone.mp3 */; };
		B11734511C84193400BDDBE3 /* Firefly.mp3 in Resources */ = {isa = PBXBuildFile; fileRef = B11734391C84193400BDDBE3 /* Firefly.mp3 */; };
		B11734521C84193400BDDBE3 /* Lantern Star.mp3 in Resources */ = {isa = PBXBuildFile; fileRef = B117343A1C84193400BDDBE3 /* Lantern Star.mp3 */; };
		B11734531C84193400BDDBE3 /* Lemon Port.mp3 in Resources */ = {isa = PBXBuildFile; fileRef = B117343B1C84193400BDDBE3 /* Lemon Port.mp3 */; };
		B11734561C84193400BDDBE3 /* Mushrooms Villain.mp3 in Resources */ = {isa = PBXBuildFile; fileRef = B117343E1C84193400BDDBE3 /* Mushrooms Villain.mp3 */; };
		B11734571C84193400BDDBE3 /* Nothing.mp3 in Resources */ = {isa = PBXBuildFile; fileRef = B117343F1C84193400BDDBE3 /* Nothing.mp3 */; };
		B117345A1C84193400BDDBE3 /* Secret Pyramid.mp3 in Resources */ = {isa = PBXBuildFile; fileRef = B11734421C84193400BDDBE3 /* Secret Pyramid.mp3 */; };
		B117345C1C84193400BDDBE3 /* Time Machine.mp3 in Resources */ = {isa = PBXBuildFile; fileRef = B11734441C84193400BDDBE3 /* Time Machine.mp3 */; };
		B11734621C841A4F00BDDBE3 /* Sounds.plist in Resources */ = {isa = PBXBuildFile; fileRef = B11734611C841A4F00BDDBE3 /* Sounds.plist */; };
		B11734641C84225B00BDDBE3 /* STSoundNameTableViewCell.swift in Sources */ = {isa = PBXBuildFile; fileRef = B11734631C84225B00BDDBE3 /* STSoundNameTableViewCell.swift */; };
		B15A43A41C7713BF005D605E /* AppDelegate.swift in Sources */ = {isa = PBXBuildFile; fileRef = B15A43A31C7713BF005D605E /* AppDelegate.swift */; };
		B15A43A91C7713BF005D605E /* Main.storyboard in Resources */ = {isa = PBXBuildFile; fileRef = B15A43A71C7713BF005D605E /* Main.storyboard */; };
		B15A43AB1C7713BF005D605E /* Assets.xcassets in Resources */ = {isa = PBXBuildFile; fileRef = B15A43AA1C7713BF005D605E /* Assets.xcassets */; };
		B15A43D31C7713D5005D605E /* Cartfile in Resources */ = {isa = PBXBuildFile; fileRef = B15A43D11C7713D5005D605E /* Cartfile */; };
		B15A43E71C7713F1005D605E /* Array+Helper.swift in Sources */ = {isa = PBXBuildFile; fileRef = B15A43D61C7713F1005D605E /* Array+Helper.swift */; };
		B15A43E81C7713F1005D605E /* CALayer+Helper.swift in Sources */ = {isa = PBXBuildFile; fileRef = B15A43D71C7713F1005D605E /* CALayer+Helper.swift */; };
		B15A43E91C7713F1005D605E /* Optinal+Helper.swift in Sources */ = {isa = PBXBuildFile; fileRef = B15A43D81C7713F1005D605E /* Optinal+Helper.swift */; };
		B15A43EA1C7713F1005D605E /* UIColor+Hex.swift in Sources */ = {isa = PBXBuildFile; fileRef = B15A43D91C7713F1005D605E /* UIColor+Hex.swift */; };
		B15A43EB1C7713F1005D605E /* HelperColor.swift in Sources */ = {isa = PBXBuildFile; fileRef = B15A43DB1C7713F1005D605E /* HelperColor.swift */; };
		B1716CE61C7C03A800FFD7FF /* STTime.swift in Sources */ = {isa = PBXBuildFile; fileRef = B1716CE51C7C03A800FFD7FF /* STTime.swift */; };
		B1730EFE1C869EA80050E48C /* ReactiveCocoa.framework in Frameworks */ = {isa = PBXBuildFile; fileRef = B1730EFC1C869EA80050E48C /* ReactiveCocoa.framework */; };
		B1730EFF1C869EA80050E48C /* Result.framework in Frameworks */ = {isa = PBXBuildFile; fileRef = B1730EFD1C869EA80050E48C /* Result.framework */; };
		B17695E81C7AD4D800C99FEE /* AnimatableTag.swift in Sources */ = {isa = PBXBuildFile; fileRef = B17695D71C7AD4D800C99FEE /* AnimatableTag.swift */; };
		B17695E91C7AD4D800C99FEE /* Plate.swift in Sources */ = {isa = PBXBuildFile; fileRef = B17695D91C7AD4D800C99FEE /* Plate.swift */; };
		B17695EA1C7AD4D800C99FEE /* PlateLayerPath.swift in Sources */ = {isa = PBXBuildFile; fileRef = B17695DA1C7AD4D800C99FEE /* PlateLayerPath.swift */; };
		B17695EB1C7AD4D800C99FEE /* Sandglass.swift in Sources */ = {isa = PBXBuildFile; fileRef = B17695DC1C7AD4D800C99FEE /* Sandglass.swift */; };
		B17695EC1C7AD4D800C99FEE /* SandglassLayerPath.swift in Sources */ = {isa = PBXBuildFile; fileRef = B17695DD1C7AD4D800C99FEE /* SandglassLayerPath.swift */; };
		B17695ED1C7AD4D800C99FEE /* Saturn.swift in Sources */ = {isa = PBXBuildFile; fileRef = B17695DF1C7AD4D800C99FEE /* Saturn.swift */; };
		B17695EE1C7AD4D800C99FEE /* SaturnLayerPath.swift in Sources */ = {isa = PBXBuildFile; fileRef = B17695E01C7AD4D800C99FEE /* SaturnLayerPath.swift */; };
		B17695EF1C7AD4D800C99FEE /* Television.swift in Sources */ = {isa = PBXBuildFile; fileRef = B17695E21C7AD4D800C99FEE /* Television.swift */; };
		B17695F01C7AD4D800C99FEE /* TelevisionLayerPath.swift in Sources */ = {isa = PBXBuildFile; fileRef = B17695E31C7AD4D800C99FEE /* TelevisionLayerPath.swift */; };
		B17695FA1C7AD5A800C99FEE /* STViewModel.swift in Sources */ = {isa = PBXBuildFile; fileRef = B17695F91C7AD5A800C99FEE /* STViewModel.swift */; };
		B17695FC1C7AD5B700C99FEE /* STHomeViewModel.swift in Sources */ = {isa = PBXBuildFile; fileRef = B17695FB1C7AD5B700C99FEE /* STHomeViewModel.swift */; };
		B17696001C7ADA4300C99FEE /* HelperConstant.swift in Sources */ = {isa = PBXBuildFile; fileRef = B17695FF1C7ADA4300C99FEE /* HelperConstant.swift */; };
		B185D1DC1C844FAA000C61D8 /* AVFoundation.framework in Frameworks */ = {isa = PBXBuildFile; fileRef = B185D1DB1C844FAA000C61D8 /* AVFoundation.framework */; };
		B185D1DE1C845496000C61D8 /* STTagType.swift in Sources */ = {isa = PBXBuildFile; fileRef = B185D1DD1C845496000C61D8 /* STTagType.swift */; };
		B185D1E01C848074000C61D8 /* HelperCommon.swift in Sources */ = {isa = PBXBuildFile; fileRef = B185D1DF1C848074000C61D8 /* HelperCommon.swift */; };
		B185D2151C8574C9000C61D8 /* STComet.swift in Sources */ = {isa = PBXBuildFile; fileRef = B185D2141C8574C9000C61D8 /* STComet.swift */; };
		B185D2171C8585EC000C61D8 /* Number+Helper.swift in Sources */ = {isa = PBXBuildFile; fileRef = B185D2161C8585EC000C61D8 /* Number+Helper.swift */; };
		B185D2191C85891F000C61D8 /* RangeReplaceableCollectionType+Helper.swift in Sources */ = {isa = PBXBuildFile; fileRef = B185D2181C85891F000C61D8 /* RangeReplaceableCollectionType+Helper.swift */; };
		B186751F1C7C5F15002EA264 /* STTimer.swift in Sources */ = {isa = PBXBuildFile; fileRef = B186751E1C7C5F15002EA264 /* STTimer.swift */; };
		B18A94881C8DE2BC004494C6 /* Podfile in Resources */ = {isa = PBXBuildFile; fileRef = B18A94871C8DE2BC004494C6 /* Podfile */; };
		B1AAF0921C84023900A9543A /* AnimatableArrowLayer.swift in Sources */ = {isa = PBXBuildFile; fileRef = B1AAF0911C84023900A9543A /* AnimatableArrowLayer.swift */; };
		B1C239221C7DA48E00C58A5B /* UIWindow+Helper.swift in Sources */ = {isa = PBXBuildFile; fileRef = B1C239211C7DA48E00C58A5B /* UIWindow+Helper.swift */; };
		B1C2392B1C7DA72E00C58A5B /* Localizable.strings in Resources */ = {isa = PBXBuildFile; fileRef = B1C2392D1C7DA72E00C58A5B /* Localizable.strings */; };
		B1C239311C7DA73500C58A5B /* InfoPlist.strings in Resources */ = {isa = PBXBuildFile; fileRef = B1C239331C7DA73500C58A5B /* InfoPlist.strings */; };
		B1C239381C7DA88400C58A5B /* HelperLocalization.swift in Sources */ = {isa = PBXBuildFile; fileRef = B1C239371C7DA88400C58A5B /* HelperLocalization.swift */; };
		B1C2393A1C7DAA4F00C58A5B /* HelperNotification.swift in Sources */ = {isa = PBXBuildFile; fileRef = B1C239391C7DAA4F00C58A5B /* HelperNotification.swift */; };
		B1FEEFF81C80986900F9F5FD /* ActionButtonLayerPath.swift in Sources */ = {isa = PBXBuildFile; fileRef = B1FEEFEB1C80986900F9F5FD /* ActionButtonLayerPath.swift */; };
		B1FEEFF91C80986900F9F5FD /* STActionButton.swift in Sources */ = {isa = PBXBuildFile; fileRef = B1FEEFEC1C80986900F9F5FD /* STActionButton.swift */; };
		B1FEEFFA1C80986900F9F5FD /* AnimatableLayer.swift in Sources */ = {isa = PBXBuildFile; fileRef = B1FEEFED1C80986900F9F5FD /* AnimatableLayer.swift */; };
		B1FEEFFB1C80986900F9F5FD /* RCAlertView.swift in Sources */ = {isa = PBXBuildFile; fileRef = B1FEEFEF1C80986900F9F5FD /* RCAlertView.swift */; };
		B1FEEFFC1C80986900F9F5FD /* STViewController.swift in Sources */ = {isa = PBXBuildFile; fileRef = B1FEEFF01C80986900F9F5FD /* STViewController.swift */; };
		B1FEEFFD1C80986900F9F5FD /* STDialPlateLayerPath.swift in Sources */ = {isa = PBXBuildFile; fileRef = B1FEEFF21C80986900F9F5FD /* STDialPlateLayerPath.swift */; };
		B1FEEFFE1C80986900F9F5FD /* STDialPlateSliderView.swift in Sources */ = {isa = PBXBuildFile; fileRef = B1FEEFF31C80986900F9F5FD /* STDialPlateSliderView.swift */; };
		B1FEEFFF1C80986900F9F5FD /* STDialPlateView.swift in Sources */ = {isa = PBXBuildFile; fileRef = B1FEEFF41C80986900F9F5FD /* STDialPlateView.swift */; };
		B1FEF0001C80986900F9F5FD /* STHomeViewController.swift in Sources */ = {isa = PBXBuildFile; fileRef = B1FEEFF51C80986900F9F5FD /* STHomeViewController.swift */; };
		B1FEF0011C80986900F9F5FD /* STPlayButton.swift in Sources */ = {isa = PBXBuildFile; fileRef = B1FEEFF61C80986900F9F5FD /* STPlayButton.swift */; };
		B1FEF0021C80986900F9F5FD /* STPlayButtonPath.swift in Sources */ = {isa = PBXBuildFile; fileRef = B1FEEFF71C80986900F9F5FD /* STPlayButtonPath.swift */; };
		B1FEF0041C8098FA00F9F5FD /* AnimatableSquareLayer.swift in Sources */ = {isa = PBXBuildFile; fileRef = B1FEF0031C8098FA00F9F5FD /* AnimatableSquareLayer.swift */; };
		B1FEF0061C80993000F9F5FD /* AnimatableGearLayer.swift in Sources */ = {isa = PBXBuildFile; fileRef = B1FEF0051C80993000F9F5FD /* AnimatableGearLayer.swift */; };
		B1FEF0081C80993E00F9F5FD /* AnimatableCrossLayer.swift in Sources */ = {isa = PBXBuildFile; fileRef = B1FEF0071C80993E00F9F5FD /* AnimatableCrossLayer.swift */; };
		B1FEF00A1C8099E200F9F5FD /* HighlightableProtocol.swift in Sources */ = {isa = PBXBuildFile; fileRef = B1FEF0091C8099E200F9F5FD /* HighlightableProtocol.swift */; };
		B1FEF00C1C809A4800F9F5FD /* AnimatableRingLayer.swift in Sources */ = {isa = PBXBuildFile; fileRef = B1FEF00B1C809A4800F9F5FD /* AnimatableRingLayer.swift */; };
		D263F8F2FD82C72FEA10A3F1 /* Pods_SaturnTimer.framework in Frameworks */ = {isa = PBXBuildFile; fileRef = 39BB3C67DF2FAC6FE6D3489D /* Pods_SaturnTimer.framework */; };
/* End PBXBuildFile section */

/* Begin PBXFileReference section */
		39BB3C67DF2FAC6FE6D3489D /* Pods_SaturnTimer.framework */ = {isa = PBXFileReference; explicitFileType = wrapper.framework; includeInIndex = 0; path = Pods_SaturnTimer.framework; sourceTree = BUILT_PRODUCTS_DIR; };
		996269BD96DEE1838A3B4D72 /* Pods-SaturnTimer.release.xcconfig */ = {isa = PBXFileReference; includeInIndex = 1; lastKnownFileType = text.xcconfig; name = "Pods-SaturnTimer.release.xcconfig"; path = "Pods/Target Support Files/Pods-SaturnTimer/Pods-SaturnTimer.release.xcconfig"; sourceTree = "<group>"; };
		B104B34D1C818D0B00B097FD /* STMenuViewController.swift */ = {isa = PBXFileReference; fileEncoding = 4; lastKnownFileType = sourcecode.swift; name = STMenuViewController.swift; path = Menu/STMenuViewController.swift; sourceTree = "<group>"; };
		B104B34F1C818D2200B097FD /* STMenuViewModel.swift */ = {isa = PBXFileReference; fileEncoding = 4; lastKnownFileType = sourcecode.swift; path = STMenuViewModel.swift; sourceTree = "<group>"; };
		B104B3511C81A03F00B097FD /* NSObject+Helper.swift */ = {isa = PBXFileReference; fileEncoding = 4; lastKnownFileType = sourcecode.swift; path = "NSObject+Helper.swift"; sourceTree = "<group>"; };
		B10775D51C80A9FB005025B5 /* CAShapeLayer+Helper.swift */ = {isa = PBXFileReference; fileEncoding = 4; lastKnownFileType = sourcecode.swift; path = "CAShapeLayer+Helper.swift"; sourceTree = "<group>"; };
		B11734311C84193400BDDBE3 /* Airship.mp3 */ = {isa = PBXFileReference; lastKnownFileType = audio.mp3; path = Airship.mp3; sourceTree = "<group>"; };
		B11734321C84193400BDDBE3 /* Alien Metron.mp3 */ = {isa = PBXFileReference; lastKnownFileType = audio.mp3; path = "Alien Metron.mp3"; sourceTree = "<group>"; };
		B11734381C84193400BDDBE3 /* Falling Stone.mp3 */ = {isa = PBXFileReference; lastKnownFileType = audio.mp3; path = "Falling Stone.mp3"; sourceTree = "<group>"; };
		B11734391C84193400BDDBE3 /* Firefly.mp3 */ = {isa = PBXFileReference; lastKnownFileType = audio.mp3; path = Firefly.mp3; sourceTree = "<group>"; };
		B117343A1C84193400BDDBE3 /* Lantern Star.mp3 */ = {isa = PBXFileReference; lastKnownFileType = audio.mp3; path = "Lantern Star.mp3"; sourceTree = "<group>"; };
		B117343B1C84193400BDDBE3 /* Lemon Port.mp3 */ = {isa = PBXFileReference; lastKnownFileType = audio.mp3; path = "Lemon Port.mp3"; sourceTree = "<group>"; };
		B117343E1C84193400BDDBE3 /* Mushrooms Villain.mp3 */ = {isa = PBXFileReference; lastKnownFileType = audio.mp3; path = "Mushrooms Villain.mp3"; sourceTree = "<group>"; };
		B117343F1C84193400BDDBE3 /* Nothing.mp3 */ = {isa = PBXFileReference; lastKnownFileType = audio.mp3; path = Nothing.mp3; sourceTree = "<group>"; };
		B11734421C84193400BDDBE3 /* Secret Pyramid.mp3 */ = {isa = PBXFileReference; lastKnownFileType = audio.mp3; path = "Secret Pyramid.mp3"; sourceTree = "<group>"; };
		B11734441C84193400BDDBE3 /* Time Machine.mp3 */ = {isa = PBXFileReference; lastKnownFileType = audio.mp3; path = "Time Machine.mp3"; sourceTree = "<group>"; };
		B11734611C841A4F00BDDBE3 /* Sounds.plist */ = {isa = PBXFileReference; fileEncoding = 4; lastKnownFileType = text.plist.xml; path = Sounds.plist; sourceTree = "<group>"; };
		B11734631C84225B00BDDBE3 /* STSoundNameTableViewCell.swift */ = {isa = PBXFileReference; fileEncoding = 4; lastKnownFileType = sourcecode.swift; name = STSoundNameTableViewCell.swift; path = Menu/STSoundNameTableViewCell.swift; sourceTree = "<group>"; };
		B15A43A01C7713BF005D605E /* SaturnTimer.app */ = {isa = PBXFileReference; explicitFileType = wrapper.application; includeInIndex = 0; path = SaturnTimer.app; sourceTree = BUILT_PRODUCTS_DIR; };
		B15A43A31C7713BF005D605E /* AppDelegate.swift */ = {isa = PBXFileReference; lastKnownFileType = sourcecode.swift; path = AppDelegate.swift; sourceTree = "<group>"; };
		B15A43A81C7713BF005D605E /* Base */ = {isa = PBXFileReference; lastKnownFileType = file.storyboard; name = Base; path = Base.lproj/Main.storyboard; sourceTree = "<group>"; };
		B15A43AA1C7713BF005D605E /* Assets.xcassets */ = {isa = PBXFileReference; lastKnownFileType = folder.assetcatalog; path = Assets.xcassets; sourceTree = "<group>"; };
		B15A43AF1C7713BF005D605E /* Info.plist */ = {isa = PBXFileReference; lastKnownFileType = text.plist.xml; path = Info.plist; sourceTree = "<group>"; };
		B15A43D11C7713D5005D605E /* Cartfile */ = {isa = PBXFileReference; fileEncoding = 4; lastKnownFileType = text; path = Cartfile; sourceTree = SOURCE_ROOT; };
		B15A43D61C7713F1005D605E /* Array+Helper.swift */ = {isa = PBXFileReference; fileEncoding = 4; lastKnownFileType = sourcecode.swift; path = "Array+Helper.swift"; sourceTree = "<group>"; };
		B15A43D71C7713F1005D605E /* CALayer+Helper.swift */ = {isa = PBXFileReference; fileEncoding = 4; lastKnownFileType = sourcecode.swift; path = "CALayer+Helper.swift"; sourceTree = "<group>"; };
		B15A43D81C7713F1005D605E /* Optinal+Helper.swift */ = {isa = PBXFileReference; fileEncoding = 4; lastKnownFileType = sourcecode.swift; path = "Optinal+Helper.swift"; sourceTree = "<group>"; };
		B15A43D91C7713F1005D605E /* UIColor+Hex.swift */ = {isa = PBXFileReference; fileEncoding = 4; lastKnownFileType = sourcecode.swift; path = "UIColor+Hex.swift"; sourceTree = "<group>"; };
		B15A43DB1C7713F1005D605E /* HelperColor.swift */ = {isa = PBXFileReference; fileEncoding = 4; lastKnownFileType = sourcecode.swift; path = HelperColor.swift; sourceTree = "<group>"; };
		B1716CE51C7C03A800FFD7FF /* STTime.swift */ = {isa = PBXFileReference; fileEncoding = 4; lastKnownFileType = sourcecode.swift; path = STTime.swift; sourceTree = "<group>"; };
		B1730EFC1C869EA80050E48C /* ReactiveCocoa.framework */ = {isa = PBXFileReference; lastKnownFileType = wrapper.framework; name = ReactiveCocoa.framework; path = Carthage/Build/iOS/ReactiveCocoa.framework; sourceTree = "<group>"; };
		B1730EFD1C869EA80050E48C /* Result.framework */ = {isa = PBXFileReference; lastKnownFileType = wrapper.framework; name = Result.framework; path = Carthage/Build/iOS/Result.framework; sourceTree = "<group>"; };
		B17695D71C7AD4D800C99FEE /* AnimatableTag.swift */ = {isa = PBXFileReference; fileEncoding = 4; lastKnownFileType = sourcecode.swift; path = AnimatableTag.swift; sourceTree = "<group>"; };
		B17695D91C7AD4D800C99FEE /* Plate.swift */ = {isa = PBXFileReference; fileEncoding = 4; lastKnownFileType = sourcecode.swift; path = Plate.swift; sourceTree = "<group>"; };
		B17695DA1C7AD4D800C99FEE /* PlateLayerPath.swift */ = {isa = PBXFileReference; fileEncoding = 4; lastKnownFileType = sourcecode.swift; path = PlateLayerPath.swift; sourceTree = "<group>"; };
		B17695DC1C7AD4D800C99FEE /* Sandglass.swift */ = {isa = PBXFileReference; fileEncoding = 4; lastKnownFileType = sourcecode.swift; path = Sandglass.swift; sourceTree = "<group>"; };
		B17695DD1C7AD4D800C99FEE /* SandglassLayerPath.swift */ = {isa = PBXFileReference; fileEncoding = 4; lastKnownFileType = sourcecode.swift; path = SandglassLayerPath.swift; sourceTree = "<group>"; };
		B17695DF1C7AD4D800C99FEE /* Saturn.swift */ = {isa = PBXFileReference; fileEncoding = 4; lastKnownFileType = sourcecode.swift; path = Saturn.swift; sourceTree = "<group>"; };
		B17695E01C7AD4D800C99FEE /* SaturnLayerPath.swift */ = {isa = PBXFileReference; fileEncoding = 4; lastKnownFileType = sourcecode.swift; path = SaturnLayerPath.swift; sourceTree = "<group>"; };
		B17695E21C7AD4D800C99FEE /* Television.swift */ = {isa = PBXFileReference; fileEncoding = 4; lastKnownFileType = sourcecode.swift; path = Television.swift; sourceTree = "<group>"; };
		B17695E31C7AD4D800C99FEE /* TelevisionLayerPath.swift */ = {isa = PBXFileReference; fileEncoding = 4; lastKnownFileType = sourcecode.swift; path = TelevisionLayerPath.swift; sourceTree = "<group>"; };
		B17695F91C7AD5A800C99FEE /* STViewModel.swift */ = {isa = PBXFileReference; fileEncoding = 4; lastKnownFileType = sourcecode.swift; path = STViewModel.swift; sourceTree = "<group>"; };
		B17695FB1C7AD5B700C99FEE /* STHomeViewModel.swift */ = {isa = PBXFileReference; fileEncoding = 4; lastKnownFileType = sourcecode.swift; path = STHomeViewModel.swift; sourceTree = "<group>"; };
		B17695FF1C7ADA4300C99FEE /* HelperConstant.swift */ = {isa = PBXFileReference; fileEncoding = 4; lastKnownFileType = sourcecode.swift; path = HelperConstant.swift; sourceTree = "<group>"; };
		B185D1DB1C844FAA000C61D8 /* AVFoundation.framework */ = {isa = PBXFileReference; lastKnownFileType = wrapper.framework; name = AVFoundation.framework; path = System/Library/Frameworks/AVFoundation.framework; sourceTree = SDKROOT; };
		B185D1DD1C845496000C61D8 /* STTagType.swift */ = {isa = PBXFileReference; fileEncoding = 4; lastKnownFileType = sourcecode.swift; path = STTagType.swift; sourceTree = "<group>"; };
		B185D1DF1C848074000C61D8 /* HelperCommon.swift */ = {isa = PBXFileReference; fileEncoding = 4; lastKnownFileType = sourcecode.swift; path = HelperCommon.swift; sourceTree = "<group>"; };
		B185D1E41C84980C000C61D8 /* zh-Hant */ = {isa = PBXFileReference; lastKnownFileType = text.plist.strings; name = "zh-Hant"; path = "zh-Hant.lproj/Main.strings"; sourceTree = "<group>"; };
		B185D1E61C849810000C61D8 /* zh-Hans */ = {isa = PBXFileReference; lastKnownFileType = text.plist.strings; name = "zh-Hans"; path = "zh-Hans.lproj/Main.strings"; sourceTree = "<group>"; };
		B185D1E81C849816000C61D8 /* en */ = {isa = PBXFileReference; lastKnownFileType = text.plist.strings; name = en; path = en.lproj/Main.strings; sourceTree = "<group>"; };
		B185D1E91C854A58000C61D8 /* SpriteKit.framework */ = {isa = PBXFileReference; lastKnownFileType = wrapper.framework; name = SpriteKit.framework; path = System/Library/Frameworks/SpriteKit.framework; sourceTree = SDKROOT; };
		B185D2141C8574C9000C61D8 /* STComet.swift */ = {isa = PBXFileReference; fileEncoding = 4; lastKnownFileType = sourcecode.swift; path = STComet.swift; sourceTree = "<group>"; };
		B185D2161C8585EC000C61D8 /* Number+Helper.swift */ = {isa = PBXFileReference; fileEncoding = 4; lastKnownFileType = sourcecode.swift; path = "Number+Helper.swift"; sourceTree = "<group>"; };
		B185D2181C85891F000C61D8 /* RangeReplaceableCollectionType+Helper.swift */ = {isa = PBXFileReference; fileEncoding = 4; lastKnownFileType = sourcecode.swift; path = "RangeReplaceableCollectionType+Helper.swift"; sourceTree = "<group>"; };
		B185D21A1C85A81C000C61D8 /* SaturnTimer-bridging-header.h */ = {isa = PBXFileReference; lastKnownFileType = sourcecode.c.h; path = "SaturnTimer-bridging-header.h"; sourceTree = "<group>"; };
		B186751E1C7C5F15002EA264 /* STTimer.swift */ = {isa = PBXFileReference; fileEncoding = 4; lastKnownFileType = sourcecode.swift; path = STTimer.swift; sourceTree = "<group>"; };
		B18A94871C8DE2BC004494C6 /* Podfile */ = {isa = PBXFileReference; fileEncoding = 4; lastKnownFileType = text; path = Podfile; sourceTree = SOURCE_ROOT; };
		B1AAF0911C84023900A9543A /* AnimatableArrowLayer.swift */ = {isa = PBXFileReference; fileEncoding = 4; lastKnownFileType = sourcecode.swift; path = AnimatableArrowLayer.swift; sourceTree = "<group>"; };
		B1C239211C7DA48E00C58A5B /* UIWindow+Helper.swift */ = {isa = PBXFileReference; fileEncoding = 4; lastKnownFileType = sourcecode.swift; path = "UIWindow+Helper.swift"; sourceTree = "<group>"; };
		B1C2392C1C7DA72E00C58A5B /* Base */ = {isa = PBXFileReference; lastKnownFileType = text.plist.strings; name = Base; path = Base.lproj/Localizable.strings; sourceTree = "<group>"; };
		B1C2392E1C7DA72F00C58A5B /* en */ = {isa = PBXFileReference; lastKnownFileType = text.plist.strings; name = en; path = en.lproj/Localizable.strings; sourceTree = "<group>"; };
		B1C2392F1C7DA73000C58A5B /* zh-Hant */ = {isa = PBXFileReference; lastKnownFileType = text.plist.strings; name = "zh-Hant"; path = "zh-Hant.lproj/Localizable.strings"; sourceTree = "<group>"; };
		B1C239301C7DA73100C58A5B /* zh-Hans */ = {isa = PBXFileReference; lastKnownFileType = text.plist.strings; name = "zh-Hans"; path = "zh-Hans.lproj/Localizable.strings"; sourceTree = "<group>"; };
		B1C239321C7DA73500C58A5B /* Base */ = {isa = PBXFileReference; lastKnownFileType = text.plist.strings; name = Base; path = Base.lproj/InfoPlist.strings; sourceTree = "<group>"; };
		B1C239341C7DA73700C58A5B /* zh-Hant */ = {isa = PBXFileReference; lastKnownFileType = text.plist.strings; name = "zh-Hant"; path = "zh-Hant.lproj/InfoPlist.strings"; sourceTree = "<group>"; };
		B1C239351C7DA73700C58A5B /* en */ = {isa = PBXFileReference; lastKnownFileType = text.plist.strings; name = en; path = en.lproj/InfoPlist.strings; sourceTree = "<group>"; };
		B1C239361C7DA73800C58A5B /* zh-Hans */ = {isa = PBXFileReference; lastKnownFileType = text.plist.strings; name = "zh-Hans"; path = "zh-Hans.lproj/InfoPlist.strings"; sourceTree = "<group>"; };
		B1C239371C7DA88400C58A5B /* HelperLocalization.swift */ = {isa = PBXFileReference; fileEncoding = 4; lastKnownFileType = sourcecode.swift; path = HelperLocalization.swift; sourceTree = "<group>"; };
		B1C239391C7DAA4F00C58A5B /* HelperNotification.swift */ = {isa = PBXFileReference; fileEncoding = 4; lastKnownFileType = sourcecode.swift; path = HelperNotification.swift; sourceTree = "<group>"; };
		B1FEEFEB1C80986900F9F5FD /* ActionButtonLayerPath.swift */ = {isa = PBXFileReference; fileEncoding = 4; lastKnownFileType = sourcecode.swift; path = ActionButtonLayerPath.swift; sourceTree = "<group>"; };
		B1FEEFEC1C80986900F9F5FD /* STActionButton.swift */ = {isa = PBXFileReference; fileEncoding = 4; lastKnownFileType = sourcecode.swift; path = STActionButton.swift; sourceTree = "<group>"; };
		B1FEEFED1C80986900F9F5FD /* AnimatableLayer.swift */ = {isa = PBXFileReference; fileEncoding = 4; lastKnownFileType = sourcecode.swift; path = AnimatableLayer.swift; sourceTree = "<group>"; };
		B1FEEFEF1C80986900F9F5FD /* RCAlertView.swift */ = {isa = PBXFileReference; fileEncoding = 4; lastKnownFileType = sourcecode.swift; path = RCAlertView.swift; sourceTree = "<group>"; };
		B1FEEFF01C80986900F9F5FD /* STViewController.swift */ = {isa = PBXFileReference; fileEncoding = 4; lastKnownFileType = sourcecode.swift; path = STViewController.swift; sourceTree = "<group>"; };
		B1FEEFF21C80986900F9F5FD /* STDialPlateLayerPath.swift */ = {isa = PBXFileReference; fileEncoding = 4; lastKnownFileType = sourcecode.swift; path = STDialPlateLayerPath.swift; sourceTree = "<group>"; };
		B1FEEFF31C80986900F9F5FD /* STDialPlateSliderView.swift */ = {isa = PBXFileReference; fileEncoding = 4; lastKnownFileType = sourcecode.swift; path = STDialPlateSliderView.swift; sourceTree = "<group>"; };
		B1FEEFF41C80986900F9F5FD /* STDialPlateView.swift */ = {isa = PBXFileReference; fileEncoding = 4; lastKnownFileType = sourcecode.swift; path = STDialPlateView.swift; sourceTree = "<group>"; };
		B1FEEFF51C80986900F9F5FD /* STHomeViewController.swift */ = {isa = PBXFileReference; fileEncoding = 4; lastKnownFileType = sourcecode.swift; path = STHomeViewController.swift; sourceTree = "<group>"; };
		B1FEEFF61C80986900F9F5FD /* STPlayButton.swift */ = {isa = PBXFileReference; fileEncoding = 4; lastKnownFileType = sourcecode.swift; path = STPlayButton.swift; sourceTree = "<group>"; };
		B1FEEFF71C80986900F9F5FD /* STPlayButtonPath.swift */ = {isa = PBXFileReference; fileEncoding = 4; lastKnownFileType = sourcecode.swift; path = STPlayButtonPath.swift; sourceTree = "<group>"; };
		B1FEF0031C8098FA00F9F5FD /* AnimatableSquareLayer.swift */ = {isa = PBXFileReference; fileEncoding = 4; lastKnownFileType = sourcecode.swift; path = AnimatableSquareLayer.swift; sourceTree = "<group>"; };
		B1FEF0051C80993000F9F5FD /* AnimatableGearLayer.swift */ = {isa = PBXFileReference; fileEncoding = 4; lastKnownFileType = sourcecode.swift; path = AnimatableGearLayer.swift; sourceTree = "<group>"; };
		B1FEF0071C80993E00F9F5FD /* AnimatableCrossLayer.swift */ = {isa = PBXFileReference; fileEncoding = 4; lastKnownFileType = sourcecode.swift; path = AnimatableCrossLayer.swift; sourceTree = "<group>"; };
		B1FEF0091C8099E200F9F5FD /* HighlightableProtocol.swift */ = {isa = PBXFileReference; fileEncoding = 4; lastKnownFileType = sourcecode.swift; path = HighlightableProtocol.swift; sourceTree = "<group>"; };
		B1FEF00B1C809A4800F9F5FD /* AnimatableRingLayer.swift */ = {isa = PBXFileReference; fileEncoding = 4; lastKnownFileType = sourcecode.swift; path = AnimatableRingLayer.swift; sourceTree = "<group>"; };
		E80CA5B8264A6A7FF674D4FD /* Pods-SaturnTimer.debug.xcconfig */ = {isa = PBXFileReference; includeInIndex = 1; lastKnownFileType = text.xcconfig; name = "Pods-SaturnTimer.debug.xcconfig"; path = "Pods/Target Support Files/Pods-SaturnTimer/Pods-SaturnTimer.debug.xcconfig"; sourceTree = "<group>"; };
/* End PBXFileReference section */

/* Begin PBXFrameworksBuildPhase section */
		B15A439D1C7713BF005D605E /* Frameworks */ = {
			isa = PBXFrameworksBuildPhase;
			buildActionMask = 2147483647;
			files = (
				B1730EFE1C869EA80050E48C /* ReactiveCocoa.framework in Frameworks */,
				B1730EFF1C869EA80050E48C /* Result.framework in Frameworks */,
				B185D1DC1C844FAA000C61D8 /* AVFoundation.framework in Frameworks */,
				D263F8F2FD82C72FEA10A3F1 /* Pods_SaturnTimer.framework in Frameworks */,
			);
			runOnlyForDeploymentPostprocessing = 0;
		};
/* End PBXFrameworksBuildPhase section */

/* Begin PBXGroup section */
		5DF9A4A8415CF636FCEA24DC /* Frameworks */ = {
			isa = PBXGroup;
			children = (
				B1730EFC1C869EA80050E48C /* ReactiveCocoa.framework */,
				B1730EFD1C869EA80050E48C /* Result.framework */,
				B185D1E91C854A58000C61D8 /* SpriteKit.framework */,
				B185D1DB1C844FAA000C61D8 /* AVFoundation.framework */,
				39BB3C67DF2FAC6FE6D3489D /* Pods_SaturnTimer.framework */,
			);
			name = Frameworks;
			sourceTree = "<group>";
		};
		A2A88EC13E5F6151BF1AA0AD /* Pods */ = {
			isa = PBXGroup;
			children = (
				E80CA5B8264A6A7FF674D4FD /* Pods-SaturnTimer.debug.xcconfig */,
				996269BD96DEE1838A3B4D72 /* Pods-SaturnTimer.release.xcconfig */,
			);
			name = Pods;
			sourceTree = "<group>";
		};
		B104B34C1C818CCB00B097FD /* Menu */ = {
			isa = PBXGroup;
			children = (
				B11734631C84225B00BDDBE3 /* STSoundNameTableViewCell.swift */,
				B104B34D1C818D0B00B097FD /* STMenuViewController.swift */,
			);
			name = Menu;
			sourceTree = "<group>";
		};
		B11734301C84193400BDDBE3 /* Sounds */ = {
			isa = PBXGroup;
			children = (
				B11734611C841A4F00BDDBE3 /* Sounds.plist */,
				B11734311C84193400BDDBE3 /* Airship.mp3 */,
				B11734321C84193400BDDBE3 /* Alien Metron.mp3 */,
				B11734381C84193400BDDBE3 /* Falling Stone.mp3 */,
				B11734391C84193400BDDBE3 /* Firefly.mp3 */,
				B117343A1C84193400BDDBE3 /* Lantern Star.mp3 */,
				B117343B1C84193400BDDBE3 /* Lemon Port.mp3 */,
				B117343E1C84193400BDDBE3 /* Mushrooms Villain.mp3 */,
				B117343F1C84193400BDDBE3 /* Nothing.mp3 */,
				B11734421C84193400BDDBE3 /* Secret Pyramid.mp3 */,
				B11734441C84193400BDDBE3 /* Time Machine.mp3 */,
			);
			path = Sounds;
			sourceTree = "<group>";
		};
		B14001331C8A8E1D0089B1C5 /* Resources */ = {
			isa = PBXGroup;
			children = (
				B185D21A1C85A81C000C61D8 /* SaturnTimer-bridging-header.h */,
				B15A43A71C7713BF005D605E /* Main.storyboard */,
				B15A43AA1C7713BF005D605E /* Assets.xcassets */,
				B11734301C84193400BDDBE3 /* Sounds */,
				B15A43AF1C7713BF005D605E /* Info.plist */,
				B1C239331C7DA73500C58A5B /* InfoPlist.strings */,
				B1C2392D1C7DA72E00C58A5B /* Localizable.strings */,
				B18A94871C8DE2BC004494C6 /* Podfile */,
				B15A43D11C7713D5005D605E /* Cartfile */,
			);
			name = Resources;
			sourceTree = "<group>";
		};
		B15A43971C7713BF005D605E = {
			isa = PBXGroup;
			children = (
				B15A43A21C7713BF005D605E /* SaturnTimer */,
				B15A43A11C7713BF005D605E /* Products */,
				A2A88EC13E5F6151BF1AA0AD /* Pods */,
				5DF9A4A8415CF636FCEA24DC /* Frameworks */,
			);
			indentWidth = 2;
			sourceTree = "<group>";
			tabWidth = 2;
		};
		B15A43A11C7713BF005D605E /* Products */ = {
			isa = PBXGroup;
			children = (
				B15A43A01C7713BF005D605E /* SaturnTimer.app */,
			);
			name = Products;
			sourceTree = "<group>";
		};
		B15A43A21C7713BF005D605E /* SaturnTimer */ = {
			isa = PBXGroup;
			children = (
				B15A43A31C7713BF005D605E /* AppDelegate.swift */,
				B14001331C8A8E1D0089B1C5 /* Resources */,
				B15A43D51C7713F1005D605E /* Extension */,
				B15A43DA1C7713F1005D605E /* Helper */,
				B17695F71C7AD59D00C99FEE /* Model */,
				B17695F81C7AD59D00C99FEE /* ViewModel */,
				B17695D41C7AD4D800C99FEE /* View */,
			);
			path = SaturnTimer;
			sourceTree = "<group>";
		};
		B15A43D51C7713F1005D605E /* Extension */ = {
			isa = PBXGroup;
			children = (
				B15A43D61C7713F1005D605E /* Array+Helper.swift */,
				B185D2181C85891F000C61D8 /* RangeReplaceableCollectionType+Helper.swift */,
				B15A43D71C7713F1005D605E /* CALayer+Helper.swift */,
				B10775D51C80A9FB005025B5 /* CAShapeLayer+Helper.swift */,
				B15A43D81C7713F1005D605E /* Optinal+Helper.swift */,
				B15A43D91C7713F1005D605E /* UIColor+Hex.swift */,
				B1C239211C7DA48E00C58A5B /* UIWindow+Helper.swift */,
				B104B3511C81A03F00B097FD /* NSObject+Helper.swift */,
				B185D2161C8585EC000C61D8 /* Number+Helper.swift */,
			);
			path = Extension;
			sourceTree = SOURCE_ROOT;
		};
		B15A43DA1C7713F1005D605E /* Helper */ = {
			isa = PBXGroup;
			children = (
				B185D1DF1C848074000C61D8 /* HelperCommon.swift */,
				B15A43DB1C7713F1005D605E /* HelperColor.swift */,
				B17695FF1C7ADA4300C99FEE /* HelperConstant.swift */,
				B1C239371C7DA88400C58A5B /* HelperLocalization.swift */,
				B1C239391C7DAA4F00C58A5B /* HelperNotification.swift */,
			);
			path = Helper;
			sourceTree = SOURCE_ROOT;
		};
		B17695D41C7AD4D800C99FEE /* View */ = {
			isa = PBXGroup;
			children = (
				B185D20C1C857384000C61D8 /* Comet */,
				B1FEEFEA1C80986900F9F5FD /* ActionButton */,
				B17695D51C7AD4D800C99FEE /* AnimatableTag */,
				B1FEEFEE1C80986900F9F5FD /* Common */,
				B1FEEFF11C80986900F9F5FD /* Home */,
				B104B34C1C818CCB00B097FD /* Menu */,
			);
			path = View;
			sourceTree = "<group>";
		};
		B17695D51C7AD4D800C99FEE /* AnimatableTag */ = {
			isa = PBXGroup;
			children = (
				B17695D61C7AD4D800C99FEE /* Base */,
				B17695D81C7AD4D800C99FEE /* Plate */,
				B17695DB1C7AD4D800C99FEE /* Sandglass */,
				B17695DE1C7AD4D800C99FEE /* Saturn */,
				B17695E11C7AD4D800C99FEE /* Television */,
			);
			path = AnimatableTag;
			sourceTree = "<group>";
		};
		B17695D61C7AD4D800C99FEE /* Base */ = {
			isa = PBXGroup;
			children = (
				B17695D71C7AD4D800C99FEE /* AnimatableTag.swift */,
			);
			path = Base;
			sourceTree = "<group>";
		};
		B17695D81C7AD4D800C99FEE /* Plate */ = {
			isa = PBXGroup;
			children = (
				B17695D91C7AD4D800C99FEE /* Plate.swift */,
				B17695DA1C7AD4D800C99FEE /* PlateLayerPath.swift */,
			);
			path = Plate;
			sourceTree = "<group>";
		};
		B17695DB1C7AD4D800C99FEE /* Sandglass */ = {
			isa = PBXGroup;
			children = (
				B17695DC1C7AD4D800C99FEE /* Sandglass.swift */,
				B17695DD1C7AD4D800C99FEE /* SandglassLayerPath.swift */,
			);
			path = Sandglass;
			sourceTree = "<group>";
		};
		B17695DE1C7AD4D800C99FEE /* Saturn */ = {
			isa = PBXGroup;
			children = (
				B17695DF1C7AD4D800C99FEE /* Saturn.swift */,
				B17695E01C7AD4D800C99FEE /* SaturnLayerPath.swift */,
			);
			path = Saturn;
			sourceTree = "<group>";
		};
		B17695E11C7AD4D800C99FEE /* Television */ = {
			isa = PBXGroup;
			children = (
				B17695E21C7AD4D800C99FEE /* Television.swift */,
				B17695E31C7AD4D800C99FEE /* TelevisionLayerPath.swift */,
			);
			path = Television;
			sourceTree = "<group>";
		};
		B17695F71C7AD59D00C99FEE /* Model */ = {
			isa = PBXGroup;
			children = (
				B1716CE51C7C03A800FFD7FF /* STTime.swift */,
				B186751E1C7C5F15002EA264 /* STTimer.swift */,
				B185D1DD1C845496000C61D8 /* STTagType.swift */,
			);
			path = Model;
			sourceTree = "<group>";
		};
		B17695F81C7AD59D00C99FEE /* ViewModel */ = {
			isa = PBXGroup;
			children = (
				B17695F91C7AD5A800C99FEE /* STViewModel.swift */,
				B17695FB1C7AD5B700C99FEE /* STHomeViewModel.swift */,
				B104B34F1C818D2200B097FD /* STMenuViewModel.swift */,
			);
			path = ViewModel;
			sourceTree = "<group>";
		};
		B185D20C1C857384000C61D8 /* Comet */ = {
			isa = PBXGroup;
			children = (
				B185D2141C8574C9000C61D8 /* STComet.swift */,
			);
			path = Comet;
			sourceTree = "<group>";
		};
		B1FEEFEA1C80986900F9F5FD /* ActionButton */ = {
			isa = PBXGroup;
			children = (
				B1FEF0091C8099E200F9F5FD /* HighlightableProtocol.swift */,
				B1FEEFEB1C80986900F9F5FD /* ActionButtonLayerPath.swift */,
				B1FEEFED1C80986900F9F5FD /* AnimatableLayer.swift */,
				B1FEF00B1C809A4800F9F5FD /* AnimatableRingLayer.swift */,
				B1FEF0031C8098FA00F9F5FD /* AnimatableSquareLayer.swift */,
				B1FEF0071C80993E00F9F5FD /* AnimatableCrossLayer.swift */,
				B1AAF0911C84023900A9543A /* AnimatableArrowLayer.swift */,
				B1FEF0051C80993000F9F5FD /* AnimatableGearLayer.swift */,
				B1FEEFEC1C80986900F9F5FD /* STActionButton.swift */,
			);
			path = ActionButton;
			sourceTree = "<group>";
		};
		B1FEEFEE1C80986900F9F5FD /* Common */ = {
			isa = PBXGroup;
			children = (
				B1FEEFEF1C80986900F9F5FD /* RCAlertView.swift */,
				B1FEEFF01C80986900F9F5FD /* STViewController.swift */,
			);
			path = Common;
			sourceTree = "<group>";
		};
		B1FEEFF11C80986900F9F5FD /* Home */ = {
			isa = PBXGroup;
			children = (
				B1FEEFF21C80986900F9F5FD /* STDialPlateLayerPath.swift */,
				B1FEEFF31C80986900F9F5FD /* STDialPlateSliderView.swift */,
				B1FEEFF41C80986900F9F5FD /* STDialPlateView.swift */,
				B1FEEFF61C80986900F9F5FD /* STPlayButton.swift */,
				B1FEEFF71C80986900F9F5FD /* STPlayButtonPath.swift */,
				B1FEEFF51C80986900F9F5FD /* STHomeViewController.swift */,
			);
			path = Home;
			sourceTree = "<group>";
		};
/* End PBXGroup section */

/* Begin PBXNativeTarget section */
		B15A439F1C7713BF005D605E /* SaturnTimer */ = {
			isa = PBXNativeTarget;
			buildConfigurationList = B15A43C81C7713BF005D605E /* Build configuration list for PBXNativeTarget "SaturnTimer" */;
			buildPhases = (
				4BDF06DD92DC4D925EF56051 /* Check Pods Manifest.lock */,
				B15A439C1C7713BF005D605E /* Sources */,
				B15A439D1C7713BF005D605E /* Frameworks */,
				B15A439E1C7713BF005D605E /* Resources */,
				9B4E36AEBB2D75C183DD15CC /* Embed Pods Frameworks */,
				858355FF4E402677F8877F6D /* Copy Pods Resources */,
				B19705911C7EB448006185F2 /* Auto-Increment Build Number */,
				B1730F001C869ED30050E48C /* Copy Embed Frameworks */,
			);
			buildRules = (
			);
			dependencies = (
			);
			name = SaturnTimer;
			productName = SaturnTimer;
			productReference = B15A43A01C7713BF005D605E /* SaturnTimer.app */;
			productType = "com.apple.product-type.application";
		};
/* End PBXNativeTarget section */

/* Begin PBXProject section */
		B15A43981C7713BF005D605E /* Project object */ = {
			isa = PBXProject;
			attributes = {
				CLASSPREFIX = ST;
				LastSwiftUpdateCheck = 0720;
				LastUpgradeCheck = 0720;
				ORGANIZATIONNAME = "Tidy Nine";
				TargetAttributes = {
					B15A439F1C7713BF005D605E = {
						CreatedOnToolsVersion = 7.2.1;
						DevelopmentTeam = AF2Q9UV2AS;
					};
				};
			};
			buildConfigurationList = B15A439B1C7713BF005D605E /* Build configuration list for PBXProject "SaturnTimer" */;
			compatibilityVersion = "Xcode 3.2";
			developmentRegion = English;
			hasScannedForEncodings = 0;
			knownRegions = (
				en,
				Base,
				"zh-Hant",
				"zh-Hans",
			);
			mainGroup = B15A43971C7713BF005D605E;
			productRefGroup = B15A43A11C7713BF005D605E /* Products */;
			projectDirPath = "";
			projectRoot = "";
			targets = (
				B15A439F1C7713BF005D605E /* SaturnTimer */,
			);
		};
/* End PBXProject section */

/* Begin PBXResourcesBuildPhase section */
		B15A439E1C7713BF005D605E /* Resources */ = {
			isa = PBXResourcesBuildPhase;
			buildActionMask = 2147483647;
			files = (
				B18A94881C8DE2BC004494C6 /* Podfile in Resources */,
				B11734501C84193400BDDBE3 /* Falling Stone.mp3 in Resources */,
				B117344A1C84193400BDDBE3 /* Alien Metron.mp3 in Resources */,
				B1C2392B1C7DA72E00C58A5B /* Localizable.strings in Resources */,
				B117345A1C84193400BDDBE3 /* Secret Pyramid.mp3 in Resources */,
				B1C239311C7DA73500C58A5B /* InfoPlist.strings in Resources */,
				B15A43AB1C7713BF005D605E /* Assets.xcassets in Resources */,
				B11734621C841A4F00BDDBE3 /* Sounds.plist in Resources */,
				B11734521C84193400BDDBE3 /* Lantern Star.mp3 in Resources */,
				B11734571C84193400BDDBE3 /* Nothing.mp3 in Resources */,
				B11734511C84193400BDDBE3 /* Firefly.mp3 in Resources */,
				B117345C1C84193400BDDBE3 /* Time Machine.mp3 in Resources */,
				B11734491C84193400BDDBE3 /* Airship.mp3 in Resources */,
				B11734531C84193400BDDBE3 /* Lemon Port.mp3 in Resources */,
				B15A43D31C7713D5005D605E /* Cartfile in Resources */,
				B11734561C84193400BDDBE3 /* Mushrooms Villain.mp3 in Resources */,
				B15A43A91C7713BF005D605E /* Main.storyboard in Resources */,
			);
			runOnlyForDeploymentPostprocessing = 0;
		};
/* End PBXResourcesBuildPhase section */

/* Begin PBXShellScriptBuildPhase section */
		4BDF06DD92DC4D925EF56051 /* Check Pods Manifest.lock */ = {
			isa = PBXShellScriptBuildPhase;
			buildActionMask = 2147483647;
			files = (
			);
			inputPaths = (
			);
			name = "Check Pods Manifest.lock";
			outputPaths = (
			);
			runOnlyForDeploymentPostprocessing = 0;
			shellPath = /bin/sh;
			shellScript = "diff \"${PODS_ROOT}/../Podfile.lock\" \"${PODS_ROOT}/Manifest.lock\" > /dev/null\nif [[ $? != 0 ]] ; then\n    cat << EOM\nerror: The sandbox is not in sync with the Podfile.lock. Run 'pod install' or update your CocoaPods installation.\nEOM\n    exit 1\nfi\n";
			showEnvVarsInLog = 0;
		};
		858355FF4E402677F8877F6D /* Copy Pods Resources */ = {
			isa = PBXShellScriptBuildPhase;
			buildActionMask = 2147483647;
			files = (
			);
			inputPaths = (
			);
			name = "Copy Pods Resources";
			outputPaths = (
			);
			runOnlyForDeploymentPostprocessing = 0;
			shellPath = /bin/sh;
			shellScript = "\"${SRCROOT}/Pods/Target Support Files/Pods-SaturnTimer/Pods-SaturnTimer-resources.sh\"\n";
			showEnvVarsInLog = 0;
		};
		9B4E36AEBB2D75C183DD15CC /* Embed Pods Frameworks */ = {
			isa = PBXShellScriptBuildPhase;
			buildActionMask = 2147483647;
			files = (
			);
			inputPaths = (
				"$(SRCROOT)/myfile",
			);
			name = "Embed Pods Frameworks";
			outputPaths = (
			);
			runOnlyForDeploymentPostprocessing = 0;
			shellPath = /bin/sh;
			shellScript = "\"${SRCROOT}/Pods/Target Support Files/Pods-SaturnTimer/Pods-SaturnTimer-frameworks.sh\"\n";
			showEnvVarsInLog = 0;
		};
		B1730F001C869ED30050E48C /* Copy Embed Frameworks */ = {
			isa = PBXShellScriptBuildPhase;
			buildActionMask = 12;
			files = (
			);
			inputPaths = (
				"$(SRCROOT)/Carthage/Build/iOS/Result.framework",
				"$(SRCROOT)/Carthage/Build/iOS/ReactiveCocoa.framework",
			);
			name = "Copy Embed Frameworks";
			outputPaths = (
			);
			runOnlyForDeploymentPostprocessing = 0;
			shellPath = /bin/sh;
			shellScript = "/usr/local/bin/carthage copy-frameworks";
		};
		B19705911C7EB448006185F2 /* Auto-Increment Build Number */ = {
			isa = PBXShellScriptBuildPhase;
			buildActionMask = 2147483647;
			files = (
			);
			inputPaths = (
			);
			name = "Auto-Increment Build Number";
			outputPaths = (
			);
			runOnlyForDeploymentPostprocessing = 0;
			shellPath = /bin/sh;
			shellScript = "buildNumber=$(/usr/libexec/PlistBuddy -c \"Print CFBundleVersion\" \"${PROJECT_DIR}/${INFOPLIST_FILE}\")\nbuildNumber=$(($buildNumber + 1))\n/usr/libexec/PlistBuddy -c \"Set :CFBundleVersion $buildNumber\" \"${PROJECT_DIR}/${INFOPLIST_FILE}\"";
		};
/* End PBXShellScriptBuildPhase section */

/* Begin PBXSourcesBuildPhase section */
		B15A439C1C7713BF005D605E /* Sources */ = {
			isa = PBXSourcesBuildPhase;
			buildActionMask = 2147483647;
			files = (
				B104B3501C818D2200B097FD /* STMenuViewModel.swift in Sources */,
				B17696001C7ADA4300C99FEE /* HelperConstant.swift in Sources */,
				B1FEF0021C80986900F9F5FD /* STPlayButtonPath.swift in Sources */,
				B1FEF0081C80993E00F9F5FD /* AnimatableCrossLayer.swift in Sources */,
				B1FEF0061C80993000F9F5FD /* AnimatableGearLayer.swift in Sources */,
				B185D1DE1C845496000C61D8 /* STTagType.swift in Sources */,
				B17695ED1C7AD4D800C99FEE /* Saturn.swift in Sources */,
				B10775D61C80A9FB005025B5 /* CAShapeLayer+Helper.swift in Sources */,
				B186751F1C7C5F15002EA264 /* STTimer.swift in Sources */,
				B185D1E01C848074000C61D8 /* HelperCommon.swift in Sources */,
				B17695EF1C7AD4D800C99FEE /* Television.swift in Sources */,
				B1FEF0001C80986900F9F5FD /* STHomeViewController.swift in Sources */,
				B1C239381C7DA88400C58A5B /* HelperLocalization.swift in Sources */,
				B1AAF0921C84023900A9543A /* AnimatableArrowLayer.swift in Sources */,
				B1FEEFFF1C80986900F9F5FD /* STDialPlateView.swift in Sources */,
				B15A43E71C7713F1005D605E /* Array+Helper.swift in Sources */,
				B104B3521C81A03F00B097FD /* NSObject+Helper.swift in Sources */,
				B1716CE61C7C03A800FFD7FF /* STTime.swift in Sources */,
				B15A43A41C7713BF005D605E /* AppDelegate.swift in Sources */,
				B17695EE1C7AD4D800C99FEE /* SaturnLayerPath.swift in Sources */,
				B1FEEFFD1C80986900F9F5FD /* STDialPlateLayerPath.swift in Sources */,
				B17695EB1C7AD4D800C99FEE /* Sandglass.swift in Sources */,
				B1FEEFFA1C80986900F9F5FD /* AnimatableLayer.swift in Sources */,
				B185D2151C8574C9000C61D8 /* STComet.swift in Sources */,
				B17695E81C7AD4D800C99FEE /* AnimatableTag.swift in Sources */,
				B17695F01C7AD4D800C99FEE /* TelevisionLayerPath.swift in Sources */,
				B104B34E1C818D0B00B097FD /* STMenuViewController.swift in Sources */,
				B15A43EB1C7713F1005D605E /* HelperColor.swift in Sources */,
				B1C2393A1C7DAA4F00C58A5B /* HelperNotification.swift in Sources */,
				B17695E91C7AD4D800C99FEE /* Plate.swift in Sources */,
				B15A43EA1C7713F1005D605E /* UIColor+Hex.swift in Sources */,
				B1FEF0011C80986900F9F5FD /* STPlayButton.swift in Sources */,
				B15A43E81C7713F1005D605E /* CALayer+Helper.swift in Sources */,
				B1FEF0041C8098FA00F9F5FD /* AnimatableSquareLayer.swift in Sources */,
				B1FEEFFB1C80986900F9F5FD /* RCAlertView.swift in Sources */,
				B17695EA1C7AD4D800C99FEE /* PlateLayerPath.swift in Sources */,
				B1FEEFF81C80986900F9F5FD /* ActionButtonLayerPath.swift in Sources */,
				B17695EC1C7AD4D800C99FEE /* SandglassLayerPath.swift in Sources */,
				B1FEF00C1C809A4800F9F5FD /* AnimatableRingLayer.swift in Sources */,
				B185D2171C8585EC000C61D8 /* Number+Helper.swift in Sources */,
				B17695FC1C7AD5B700C99FEE /* STHomeViewModel.swift in Sources */,
				B1FEEFFC1C80986900F9F5FD /* STViewController.swift in Sources */,
				B1FEEFFE1C80986900F9F5FD /* STDialPlateSliderView.swift in Sources */,
				B11734641C84225B00BDDBE3 /* STSoundNameTableViewCell.swift in Sources */,
				B185D2191C85891F000C61D8 /* RangeReplaceableCollectionType+Helper.swift in Sources */,
				B15A43E91C7713F1005D605E /* Optinal+Helper.swift in Sources */,
				B17695FA1C7AD5A800C99FEE /* STViewModel.swift in Sources */,
				B1FEEFF91C80986900F9F5FD /* STActionButton.swift in Sources */,
				B1C239221C7DA48E00C58A5B /* UIWindow+Helper.swift in Sources */,
				B1FEF00A1C8099E200F9F5FD /* HighlightableProtocol.swift in Sources */,
			);
			runOnlyForDeploymentPostprocessing = 0;
		};
/* End PBXSourcesBuildPhase section */

/* Begin PBXVariantGroup section */
		B15A43A71C7713BF005D605E /* Main.storyboard */ = {
			isa = PBXVariantGroup;
			children = (
				B15A43A81C7713BF005D605E /* Base */,
				B185D1E41C84980C000C61D8 /* zh-Hant */,
				B185D1E61C849810000C61D8 /* zh-Hans */,
				B185D1E81C849816000C61D8 /* en */,
			);
			name = Main.storyboard;
			sourceTree = "<group>";
		};
		B1C2392D1C7DA72E00C58A5B /* Localizable.strings */ = {
			isa = PBXVariantGroup;
			children = (
				B1C2392C1C7DA72E00C58A5B /* Base */,
				B1C2392E1C7DA72F00C58A5B /* en */,
				B1C2392F1C7DA73000C58A5B /* zh-Hant */,
				B1C239301C7DA73100C58A5B /* zh-Hans */,
			);
			name = Localizable.strings;
			sourceTree = "<group>";
		};
		B1C239331C7DA73500C58A5B /* InfoPlist.strings */ = {
			isa = PBXVariantGroup;
			children = (
				B1C239321C7DA73500C58A5B /* Base */,
				B1C239341C7DA73700C58A5B /* zh-Hant */,
				B1C239351C7DA73700C58A5B /* en */,
				B1C239361C7DA73800C58A5B /* zh-Hans */,
			);
			name = InfoPlist.strings;
			sourceTree = "<group>";
		};
/* End PBXVariantGroup section */

/* Begin XCBuildConfiguration section */
		B15A43C61C7713BF005D605E /* Debug */ = {
			isa = XCBuildConfiguration;
			buildSettings = {
				ALWAYS_SEARCH_USER_PATHS = NO;
				CLANG_CXX_LANGUAGE_STANDARD = "gnu++0x";
				CLANG_CXX_LIBRARY = "libc++";
				CLANG_ENABLE_MODULES = YES;
				CLANG_ENABLE_OBJC_ARC = YES;
				CLANG_WARN_BOOL_CONVERSION = YES;
				CLANG_WARN_CONSTANT_CONVERSION = YES;
				CLANG_WARN_DIRECT_OBJC_ISA_USAGE = YES_ERROR;
				CLANG_WARN_EMPTY_BODY = YES;
				CLANG_WARN_ENUM_CONVERSION = YES;
				CLANG_WARN_INT_CONVERSION = YES;
				CLANG_WARN_OBJC_ROOT_CLASS = YES_ERROR;
				CLANG_WARN_UNREACHABLE_CODE = YES;
				CLANG_WARN__DUPLICATE_METHOD_MATCH = YES;
				CODE_SIGN_IDENTITY = "iPhone Developer";
				"CODE_SIGN_IDENTITY[sdk=iphoneos*]" = "iPhone Developer";
				COPY_PHASE_STRIP = NO;
				DEBUG_INFORMATION_FORMAT = dwarf;
				ENABLE_STRICT_OBJC_MSGSEND = YES;
				ENABLE_TESTABILITY = YES;
				GCC_C_LANGUAGE_STANDARD = gnu99;
				GCC_DYNAMIC_NO_PIC = NO;
				GCC_NO_COMMON_BLOCKS = YES;
				GCC_OPTIMIZATION_LEVEL = 0;
				GCC_PREPROCESSOR_DEFINITIONS = (
					"DEBUG=1",
					"$(inherited)",
				);
				GCC_WARN_64_TO_32_BIT_CONVERSION = YES;
				GCC_WARN_ABOUT_RETURN_TYPE = YES_ERROR;
				GCC_WARN_UNDECLARED_SELECTOR = YES;
				GCC_WARN_UNINITIALIZED_AUTOS = YES_AGGRESSIVE;
				GCC_WARN_UNUSED_FUNCTION = YES;
				GCC_WARN_UNUSED_VARIABLE = YES;
				IPHONEOS_DEPLOYMENT_TARGET = 8.0;
				MTL_ENABLE_DEBUG_INFO = YES;
				ONLY_ACTIVE_ARCH = YES;
				SDKROOT = iphoneos;
				SWIFT_OPTIMIZATION_LEVEL = "-Onone";
				TARGETED_DEVICE_FAMILY = "1,2";
			};
			name = Debug;
		};
		B15A43C71C7713BF005D605E /* Release */ = {
			isa = XCBuildConfiguration;
			buildSettings = {
				ALWAYS_SEARCH_USER_PATHS = NO;
				CLANG_CXX_LANGUAGE_STANDARD = "gnu++0x";
				CLANG_CXX_LIBRARY = "libc++";
				CLANG_ENABLE_MODULES = YES;
				CLANG_ENABLE_OBJC_ARC = YES;
				CLANG_WARN_BOOL_CONVERSION = YES;
				CLANG_WARN_CONSTANT_CONVERSION = YES;
				CLANG_WARN_DIRECT_OBJC_ISA_USAGE = YES_ERROR;
				CLANG_WARN_EMPTY_BODY = YES;
				CLANG_WARN_ENUM_CONVERSION = YES;
				CLANG_WARN_INT_CONVERSION = YES;
				CLANG_WARN_OBJC_ROOT_CLASS = YES_ERROR;
				CLANG_WARN_UNREACHABLE_CODE = YES;
				CLANG_WARN__DUPLICATE_METHOD_MATCH = YES;
				"CODE_SIGN_IDENTITY[sdk=iphoneos*]" = "iPhone Developer";
				COPY_PHASE_STRIP = NO;
				DEBUG_INFORMATION_FORMAT = "dwarf-with-dsym";
				ENABLE_NS_ASSERTIONS = NO;
				ENABLE_STRICT_OBJC_MSGSEND = YES;
				GCC_C_LANGUAGE_STANDARD = gnu99;
				GCC_NO_COMMON_BLOCKS = YES;
				GCC_WARN_64_TO_32_BIT_CONVERSION = YES;
				GCC_WARN_ABOUT_RETURN_TYPE = YES_ERROR;
				GCC_WARN_UNDECLARED_SELECTOR = YES;
				GCC_WARN_UNINITIALIZED_AUTOS = YES_AGGRESSIVE;
				GCC_WARN_UNUSED_FUNCTION = YES;
				GCC_WARN_UNUSED_VARIABLE = YES;
				IPHONEOS_DEPLOYMENT_TARGET = 8.0;
				MTL_ENABLE_DEBUG_INFO = NO;
				SDKROOT = iphoneos;
				TARGETED_DEVICE_FAMILY = "1,2";
				VALIDATE_PRODUCT = YES;
			};
			name = Release;
		};
		B15A43C91C7713BF005D605E /* Debug */ = {
			isa = XCBuildConfiguration;
			baseConfigurationReference = E80CA5B8264A6A7FF674D4FD /* Pods-SaturnTimer.debug.xcconfig */;
			buildSettings = {
				ASSETCATALOG_COMPILER_APPICON_NAME = AppIcon;
				ASSETCATALOG_COMPILER_LAUNCHIMAGE_NAME = LaunchImage;
				CODE_SIGN_IDENTITY = "iPhone Developer";
				ENABLE_BITCODE = YES;
				FRAMEWORK_SEARCH_PATHS = (
					"$(inherited)",
					"$(PROJECT_DIR)/Carthage/Build/iOS",
				);
				INFOPLIST_FILE = SaturnTimer/Info.plist;
				IPHONEOS_DEPLOYMENT_TARGET = 8.0;
				LD_RUNPATH_SEARCH_PATHS = "$(inherited) @executable_path/Frameworks";
				OTHER_SWIFT_FLAGS = "$(inherited) \"-D\" \"COCOAPODS\" -D DEBUG";
				PRODUCT_BUNDLE_IDENTIFIER = com.rocketchild.SaturnTimer;
				PRODUCT_NAME = "$(TARGET_NAME)";
				SWIFT_OBJC_BRIDGING_HEADER = "SaturnTimer/SaturnTimer-bridging-header.h";
				TARGETED_DEVICE_FAMILY = "1,2";
			};
			name = Debug;
		};
		B15A43CA1C7713BF005D605E /* Release */ = {
			isa = XCBuildConfiguration;
			baseConfigurationReference = 996269BD96DEE1838A3B4D72 /* Pods-SaturnTimer.release.xcconfig */;
			buildSettings = {
				ASSETCATALOG_COMPILER_APPICON_NAME = AppIcon;
				ASSETCATALOG_COMPILER_LAUNCHIMAGE_NAME = LaunchImage;
				CODE_SIGN_IDENTITY = "iPhone Distribution: Guizhou Timeline Information Technology Co., Ltd. (AF2Q9UV2AS)";
				ENABLE_BITCODE = YES;
				FRAMEWORK_SEARCH_PATHS = (
					"$(inherited)",
					"$(PROJECT_DIR)/Carthage/Build/iOS",
				);
				INFOPLIST_FILE = SaturnTimer/Info.plist;
				IPHONEOS_DEPLOYMENT_TARGET = 8.0;
				LD_RUNPATH_SEARCH_PATHS = "$(inherited) @executable_path/Frameworks";
				OTHER_SWIFT_FLAGS = "$(inherited) \"-D\" \"COCOAPODS\" -D DEBUG";
				PRODUCT_BUNDLE_IDENTIFIER = com.rocketchild.SaturnTimer;
				PRODUCT_NAME = "$(TARGET_NAME)";
				SWIFT_OBJC_BRIDGING_HEADER = "SaturnTimer/SaturnTimer-bridging-header.h";
				TARGETED_DEVICE_FAMILY = "1,2";
			};
			name = Release;
		};
/* End XCBuildConfiguration section */

/* Begin XCConfigurationList section */
		B15A439B1C7713BF005D605E /* Build configuration list for PBXProject "SaturnTimer" */ = {
			isa = XCConfigurationList;
			buildConfigurations = (
				B15A43C61C7713BF005D605E /* Debug */,
				B15A43C71C7713BF005D605E /* Release */,
			);
			defaultConfigurationIsVisible = 0;
			defaultConfigurationName = Release;
		};
		B15A43C81C7713BF005D605E /* Build configuration list for PBXNativeTarget "SaturnTimer" */ = {
			isa = XCConfigurationList;
			buildConfigurations = (
				B15A43C91C7713BF005D605E /* Debug */,
				B15A43CA1C7713BF005D605E /* Release */,
			);
			defaultConfigurationIsVisible = 0;
			defaultConfigurationName = Release;
		};
/* End XCConfigurationList section */
	};
	rootObject = B15A43981C7713BF005D605E /* Project object */;
}
